
Microsoft Visual Studio Solution File, Format Version 12.00
# Visual Studio Version 16
VisualStudioVersion = 16.0.30320.27
MinimumVisualStudioVersion = 10.0.40219.1
Project("{FAE04EC0-301F-11D3-BF4B-00C04F79EFBC}") = "OpenInvoicePeru.Firmado", "OpenInvoicePeru.Firmado\OpenInvoicePeru.Firmado.csproj", "{1CFD1D28-D342-413D-A6E1-7616CB9708E2}"
EndProject
Project("{2150E333-8FDC-42A3-9474-1A3956D46DE8}") = "00. Archivos Adicionales", "00. Archivos Adicionales", "{6E1A7EDA-167E-4F0E-94F5-08DE9FF0AF78}"
	ProjectSection(SolutionItems) = preProject
		..\.gitignore = ..\.gitignore
		..\CHANGELOG.md = ..\CHANGELOG.md
		..\LICENSE = ..\LICENSE
		..\README.md = ..\README.md
	EndProjectSection
EndProject
Project("{2150E333-8FDC-42A3-9474-1A3956D46DE8}") = "02. Comunes", "02. Comunes", "{6D38A4CC-F1A2-487B-B28D-DFAD0DDB689A}"
EndProject
Project("{2150E333-8FDC-42A3-9474-1A3956D46DE8}") = "07. Proyecto Cliente", "07. Proyecto Cliente", "{B205C5EA-364B-46AB-AFBA-8BAE29AEEB93}"
EndProject
Project("{2150E333-8FDC-42A3-9474-1A3956D46DE8}") = "06. API REST", "06. API REST", "{7C30E289-3418-4984-8FD9-7D4582DF6297}"
EndProject
Project("{FAE04EC0-301F-11D3-BF4B-00C04F79EFBC}") = "OpenInvoicePeru.WebApi", "OpenInvoicePeru.WebApi\OpenInvoicePeru.WebApi.csproj", "{82D7B299-2366-480A-B8FD-3F3B04AD3AFA}"
EndProject
Project("{FAE04EC0-301F-11D3-BF4B-00C04F79EFBC}") = "OpenInvoicePeru.Comun", "OpenInvoicePeru.Comun\OpenInvoicePeru.Comun.csproj", "{C6D3447F-6AED-4DA5-B28C-7C0356F2F4A8}"
EndProject
Project("{FAE04EC0-301F-11D3-BF4B-00C04F79EFBC}") = "OpenInvoicePeru.Estructuras", "OpenInvoicePeru.Estructuras\OpenInvoicePeru.Estructuras.csproj", "{E6926288-913C-43E2-92B5-3E05A058312F}"
EndProject
Project("{FAE04EC0-301F-11D3-BF4B-00C04F79EFBC}") = "OpenInvoicePeru.Comun.Dto", "OpenInvoicePeru.Comun.Dto\OpenInvoicePeru.Comun.Dto.csproj", "{A265A65A-C2A9-4F9E-B272-BED5ED04DF98}"
EndProject
Project("{FAE04EC0-301F-11D3-BF4B-00C04F79EFBC}") = "OpenInvoicePeru.Servicio", "OpenInvoicePeru.Servicio\OpenInvoicePeru.Servicio.csproj", "{25D6B9AF-55A6-4E7F-A061-52A492CCDB6E}"
EndProject
Project("{FAE04EC0-301F-11D3-BF4B-00C04F79EFBC}") = "OpenInvoicePeru.Servicio.Soap", "OpenInvoicePeru.Servicio.Soap\OpenInvoicePeru.Servicio.Soap.csproj", "{F608FEA2-EC58-4DF7-81D6-960F6E1DAED2}"
EndProject
Project("{FAE04EC0-301F-11D3-BF4B-00C04F79EFBC}") = "OpenInvoicePeru.Xml", "OpenInvoicePeru.Xml\OpenInvoicePeru.Xml.csproj", "{EDA74DC8-B11B-4C7C-B604-0763B210E7D4}"
EndProject
Project("{2150E333-8FDC-42A3-9474-1A3956D46DE8}") = "01. Ensamblados Nuget", "01. Ensamblados Nuget", "{86F63A53-5177-40B0-AB36-02ABDA6AF237}"
EndProject
Project("{2150E333-8FDC-42A3-9474-1A3956D46DE8}") = "05. Generacion XML", "05. Generacion XML", "{C76742F4-EEE4-4568-8066-A1BC23D22A76}"
EndProject
Project("{2150E333-8FDC-42A3-9474-1A3956D46DE8}") = "03. Comunicacion SUNAT", "03. Comunicacion SUNAT", "{03D061F1-352B-4578-A0EB-D6BA23AF16EC}"
EndProject
Project("{2150E333-8FDC-42A3-9474-1A3956D46DE8}") = "04. Estructuras UBL", "04. Estructuras UBL", "{A4871B0F-BA0C-42A3-BDA5-216686D38945}"
EndProject
Project("{FAE04EC0-301F-11D3-BF4B-00C04F79EFBC}") = "OpenInvoicePeru.ClienteConsola", "OpenInvoicePeru.ClienteConsola\OpenInvoicePeru.ClienteConsola.csproj", "{B98EB8E3-7A4E-4AF0-BA61-90BF5DE13B60}"
EndProject
Global
	GlobalSection(SolutionConfigurationPlatforms) = preSolution
		Debug|Any CPU = Debug|Any CPU
		Debug|Mixed Platforms = Debug|Mixed Platforms
		Debug|x64 = Debug|x64
		Debug|x86 = Debug|x86
		Release|Any CPU = Release|Any CPU
		Release|Mixed Platforms = Release|Mixed Platforms
		Release|x64 = Release|x64
		Release|x86 = Release|x86
	EndGlobalSection
	GlobalSection(ProjectConfigurationPlatforms) = postSolution
		{1CFD1D28-D342-413D-A6E1-7616CB9708E2}.Debug|Any CPU.ActiveCfg = Debug|Any CPU
		{1CFD1D28-D342-413D-A6E1-7616CB9708E2}.Debug|Any CPU.Build.0 = Debug|Any CPU
		{1CFD1D28-D342-413D-A6E1-7616CB9708E2}.Debug|Mixed Platforms.ActiveCfg = Debug|Any CPU
		{1CFD1D28-D342-413D-A6E1-7616CB9708E2}.Debug|Mixed Platforms.Build.0 = Debug|Any CPU
		{1CFD1D28-D342-413D-A6E1-7616CB9708E2}.Debug|x64.ActiveCfg = Debug|Any CPU
		{1CFD1D28-D342-413D-A6E1-7616CB9708E2}.Debug|x86.ActiveCfg = Debug|Any CPU
		{1CFD1D28-D342-413D-A6E1-7616CB9708E2}.Debug|x86.Build.0 = Debug|Any CPU
		{1CFD1D28-D342-413D-A6E1-7616CB9708E2}.Release|Any CPU.ActiveCfg = Release|Any CPU
		{1CFD1D28-D342-413D-A6E1-7616CB9708E2}.Release|Any CPU.Build.0 = Release|Any CPU
		{1CFD1D28-D342-413D-A6E1-7616CB9708E2}.Release|Mixed Platforms.ActiveCfg = Release|Any CPU
		{1CFD1D28-D342-413D-A6E1-7616CB9708E2}.Release|Mixed Platforms.Build.0 = Release|Any CPU
		{1CFD1D28-D342-413D-A6E1-7616CB9708E2}.Release|x64.ActiveCfg = Release|Any CPU
		{1CFD1D28-D342-413D-A6E1-7616CB9708E2}.Release|x86.ActiveCfg = Release|Any CPU
		{1CFD1D28-D342-413D-A6E1-7616CB9708E2}.Release|x86.Build.0 = Release|Any CPU
		{82D7B299-2366-480A-B8FD-3F3B04AD3AFA}.Debug|Any CPU.ActiveCfg = Debug|Any CPU
		{82D7B299-2366-480A-B8FD-3F3B04AD3AFA}.Debug|Any CPU.Build.0 = Debug|Any CPU
		{82D7B299-2366-480A-B8FD-3F3B04AD3AFA}.Debug|Mixed Platforms.ActiveCfg = Debug|Any CPU
		{82D7B299-2366-480A-B8FD-3F3B04AD3AFA}.Debug|Mixed Platforms.Build.0 = Debug|Any CPU
		{82D7B299-2366-480A-B8FD-3F3B04AD3AFA}.Debug|x64.ActiveCfg = Debug|Any CPU
		{82D7B299-2366-480A-B8FD-3F3B04AD3AFA}.Debug|x86.ActiveCfg = Debug|Any CPU
		{82D7B299-2366-480A-B8FD-3F3B04AD3AFA}.Debug|x86.Build.0 = Debug|Any CPU
		{82D7B299-2366-480A-B8FD-3F3B04AD3AFA}.Release|Any CPU.ActiveCfg = Release|Any CPU
		{82D7B299-2366-480A-B8FD-3F3B04AD3AFA}.Release|Any CPU.Build.0 = Release|Any CPU
		{82D7B299-2366-480A-B8FD-3F3B04AD3AFA}.Release|Mixed Platforms.ActiveCfg = Release|Any CPU
		{82D7B299-2366-480A-B8FD-3F3B04AD3AFA}.Release|Mixed Platforms.Build.0 = Release|Any CPU
		{82D7B299-2366-480A-B8FD-3F3B04AD3AFA}.Release|x64.ActiveCfg = Release|Any CPU
		{82D7B299-2366-480A-B8FD-3F3B04AD3AFA}.Release|x86.ActiveCfg = Release|Any CPU
		{82D7B299-2366-480A-B8FD-3F3B04AD3AFA}.Release|x86.Build.0 = Release|Any CPU
		{C6D3447F-6AED-4DA5-B28C-7C0356F2F4A8}.Debug|Any CPU.ActiveCfg = Debug|Any CPU
		{C6D3447F-6AED-4DA5-B28C-7C0356F2F4A8}.Debug|Any CPU.Build.0 = Debug|Any CPU
		{C6D3447F-6AED-4DA5-B28C-7C0356F2F4A8}.Debug|Mixed Platforms.ActiveCfg = Debug|Any CPU
		{C6D3447F-6AED-4DA5-B28C-7C0356F2F4A8}.Debug|Mixed Platforms.Build.0 = Debug|Any CPU
		{C6D3447F-6AED-4DA5-B28C-7C0356F2F4A8}.Debug|x64.ActiveCfg = Debug|Any CPU
		{C6D3447F-6AED-4DA5-B28C-7C0356F2F4A8}.Debug|x64.Build.0 = Debug|Any CPU
		{C6D3447F-6AED-4DA5-B28C-7C0356F2F4A8}.Debug|x86.ActiveCfg = Debug|Any CPU
		{C6D3447F-6AED-4DA5-B28C-7C0356F2F4A8}.Debug|x86.Build.0 = Debug|Any CPU
		{C6D3447F-6AED-4DA5-B28C-7C0356F2F4A8}.Release|Any CPU.ActiveCfg = Release|Any CPU
		{C6D3447F-6AED-4DA5-B28C-7C0356F2F4A8}.Release|Any CPU.Build.0 = Release|Any CPU
		{C6D3447F-6AED-4DA5-B28C-7C0356F2F4A8}.Release|Mixed Platforms.ActiveCfg = Release|Any CPU
		{C6D3447F-6AED-4DA5-B28C-7C0356F2F4A8}.Release|Mixed Platforms.Build.0 = Release|Any CPU
		{C6D3447F-6AED-4DA5-B28C-7C0356F2F4A8}.Release|x64.ActiveCfg = Release|Any CPU
		{C6D3447F-6AED-4DA5-B28C-7C0356F2F4A8}.Release|x64.Build.0 = Release|Any CPU
		{C6D3447F-6AED-4DA5-B28C-7C0356F2F4A8}.Release|x86.ActiveCfg = Release|Any CPU
		{C6D3447F-6AED-4DA5-B28C-7C0356F2F4A8}.Release|x86.Build.0 = Release|Any CPU
		{E6926288-913C-43E2-92B5-3E05A058312F}.Debug|Any CPU.ActiveCfg = Debug|Any CPU
		{E6926288-913C-43E2-92B5-3E05A058312F}.Debug|Any CPU.Build.0 = Debug|Any CPU
		{E6926288-913C-43E2-92B5-3E05A058312F}.Debug|Mixed Platforms.ActiveCfg = Debug|Any CPU
		{E6926288-913C-43E2-92B5-3E05A058312F}.Debug|Mixed Platforms.Build.0 = Debug|Any CPU
		{E6926288-913C-43E2-92B5-3E05A058312F}.Debug|x64.ActiveCfg = Debug|Any CPU
		{E6926288-913C-43E2-92B5-3E05A058312F}.Debug|x64.Build.0 = Debug|Any CPU
		{E6926288-913C-43E2-92B5-3E05A058312F}.Debug|x86.ActiveCfg = Debug|Any CPU
		{E6926288-913C-43E2-92B5-3E05A058312F}.Debug|x86.Build.0 = Debug|Any CPU
		{E6926288-913C-43E2-92B5-3E05A058312F}.Release|Any CPU.ActiveCfg = Release|Any CPU
		{E6926288-913C-43E2-92B5-3E05A058312F}.Release|Any CPU.Build.0 = Release|Any CPU
		{E6926288-913C-43E2-92B5-3E05A058312F}.Release|Mixed Platforms.ActiveCfg = Release|Any CPU
		{E6926288-913C-43E2-92B5-3E05A058312F}.Release|Mixed Platforms.Build.0 = Release|Any CPU
		{E6926288-913C-43E2-92B5-3E05A058312F}.Release|x64.ActiveCfg = Release|Any CPU
		{E6926288-913C-43E2-92B5-3E05A058312F}.Release|x64.Build.0 = Release|Any CPU
		{E6926288-913C-43E2-92B5-3E05A058312F}.Release|x86.ActiveCfg = Release|Any CPU
		{E6926288-913C-43E2-92B5-3E05A058312F}.Release|x86.Build.0 = Release|Any CPU
		{A265A65A-C2A9-4F9E-B272-BED5ED04DF98}.Debug|Any CPU.ActiveCfg = Debug|Any CPU
		{A265A65A-C2A9-4F9E-B272-BED5ED04DF98}.Debug|Any CPU.Build.0 = Debug|Any CPU
		{A265A65A-C2A9-4F9E-B272-BED5ED04DF98}.Debug|Mixed Platforms.ActiveCfg = Debug|Any CPU
		{A265A65A-C2A9-4F9E-B272-BED5ED04DF98}.Debug|Mixed Platforms.Build.0 = Debug|Any CPU
		{A265A65A-C2A9-4F9E-B272-BED5ED04DF98}.Debug|x64.ActiveCfg = Debug|Any CPU
		{A265A65A-C2A9-4F9E-B272-BED5ED04DF98}.Debug|x64.Build.0 = Debug|Any CPU
		{A265A65A-C2A9-4F9E-B272-BED5ED04DF98}.Debug|x86.ActiveCfg = Debug|Any CPU
		{A265A65A-C2A9-4F9E-B272-BED5ED04DF98}.Debug|x86.Build.0 = Debug|Any CPU
		{A265A65A-C2A9-4F9E-B272-BED5ED04DF98}.Release|Any CPU.ActiveCfg = Release|Any CPU
		{A265A65A-C2A9-4F9E-B272-BED5ED04DF98}.Release|Any CPU.Build.0 = Release|Any CPU
		{A265A65A-C2A9-4F9E-B272-BED5ED04DF98}.Release|Mixed Platforms.ActiveCfg = Release|Any CPU
		{A265A65A-C2A9-4F9E-B272-BED5ED04DF98}.Release|Mixed Platforms.Build.0 = Release|Any CPU
		{A265A65A-C2A9-4F9E-B272-BED5ED04DF98}.Release|x64.ActiveCfg = Release|Any CPU
		{A265A65A-C2A9-4F9E-B272-BED5ED04DF98}.Release|x64.Build.0 = Release|Any CPU
		{A265A65A-C2A9-4F9E-B272-BED5ED04DF98}.Release|x86.ActiveCfg = Release|Any CPU
		{A265A65A-C2A9-4F9E-B272-BED5ED04DF98}.Release|x86.Build.0 = Release|Any CPU
		{25D6B9AF-55A6-4E7F-A061-52A492CCDB6E}.Debug|Any CPU.ActiveCfg = Debug|Any CPU
		{25D6B9AF-55A6-4E7F-A061-52A492CCDB6E}.Debug|Any CPU.Build.0 = Debug|Any CPU
		{25D6B9AF-55A6-4E7F-A061-52A492CCDB6E}.Debug|Mixed Platforms.ActiveCfg = Debug|Any CPU
		{25D6B9AF-55A6-4E7F-A061-52A492CCDB6E}.Debug|Mixed Platforms.Build.0 = Debug|Any CPU
		{25D6B9AF-55A6-4E7F-A061-52A492CCDB6E}.Debug|x64.ActiveCfg = Debug|Any CPU
		{25D6B9AF-55A6-4E7F-A061-52A492CCDB6E}.Debug|x64.Build.0 = Debug|Any CPU
		{25D6B9AF-55A6-4E7F-A061-52A492CCDB6E}.Debug|x86.ActiveCfg = Debug|Any CPU
		{25D6B9AF-55A6-4E7F-A061-52A492CCDB6E}.Debug|x86.Build.0 = Debug|Any CPU
		{25D6B9AF-55A6-4E7F-A061-52A492CCDB6E}.Release|Any CPU.ActiveCfg = Release|Any CPU
		{25D6B9AF-55A6-4E7F-A061-52A492CCDB6E}.Release|Any CPU.Build.0 = Release|Any CPU
		{25D6B9AF-55A6-4E7F-A061-52A492CCDB6E}.Release|Mixed Platforms.ActiveCfg = Release|Any CPU
		{25D6B9AF-55A6-4E7F-A061-52A492CCDB6E}.Release|Mixed Platforms.Build.0 = Release|Any CPU
		{25D6B9AF-55A6-4E7F-A061-52A492CCDB6E}.Release|x64.ActiveCfg = Release|Any CPU
		{25D6B9AF-55A6-4E7F-A061-52A492CCDB6E}.Release|x64.Build.0 = Release|Any CPU
		{25D6B9AF-55A6-4E7F-A061-52A492CCDB6E}.Release|x86.ActiveCfg = Release|Any CPU
		{25D6B9AF-55A6-4E7F-A061-52A492CCDB6E}.Release|x86.Build.0 = Release|Any CPU
		{F608FEA2-EC58-4DF7-81D6-960F6E1DAED2}.Debug|Any CPU.ActiveCfg = Debug|Any CPU
		{F608FEA2-EC58-4DF7-81D6-960F6E1DAED2}.Debug|Any CPU.Build.0 = Debug|Any CPU
		{F608FEA2-EC58-4DF7-81D6-960F6E1DAED2}.Debug|Mixed Platforms.ActiveCfg = Debug|Any CPU
		{F608FEA2-EC58-4DF7-81D6-960F6E1DAED2}.Debug|Mixed Platforms.Build.0 = Debug|Any CPU
		{F608FEA2-EC58-4DF7-81D6-960F6E1DAED2}.Debug|x64.ActiveCfg = Debug|Any CPU
		{F608FEA2-EC58-4DF7-81D6-960F6E1DAED2}.Debug|x64.Build.0 = Debug|Any CPU
		{F608FEA2-EC58-4DF7-81D6-960F6E1DAED2}.Debug|x86.ActiveCfg = Debug|Any CPU
		{F608FEA2-EC58-4DF7-81D6-960F6E1DAED2}.Debug|x86.Build.0 = Debug|Any CPU
		{F608FEA2-EC58-4DF7-81D6-960F6E1DAED2}.Release|Any CPU.ActiveCfg = Release|Any CPU
		{F608FEA2-EC58-4DF7-81D6-960F6E1DAED2}.Release|Any CPU.Build.0 = Release|Any CPU
		{F608FEA2-EC58-4DF7-81D6-960F6E1DAED2}.Release|Mixed Platforms.ActiveCfg = Release|Any CPU
		{F608FEA2-EC58-4DF7-81D6-960F6E1DAED2}.Release|Mixed Platforms.Build.0 = Release|Any CPU
		{F608FEA2-EC58-4DF7-81D6-960F6E1DAED2}.Release|x64.ActiveCfg = Release|Any CPU
		{F608FEA2-EC58-4DF7-81D6-960F6E1DAED2}.Release|x64.Build.0 = Release|Any CPU
		{F608FEA2-EC58-4DF7-81D6-960F6E1DAED2}.Release|x86.ActiveCfg = Release|Any CPU
		{F608FEA2-EC58-4DF7-81D6-960F6E1DAED2}.Release|x86.Build.0 = Release|Any CPU
		{EDA74DC8-B11B-4C7C-B604-0763B210E7D4}.Debug|Any CPU.ActiveCfg = Debug|Any CPU
		{EDA74DC8-B11B-4C7C-B604-0763B210E7D4}.Debug|Any CPU.Build.0 = Debug|Any CPU
		{EDA74DC8-B11B-4C7C-B604-0763B210E7D4}.Debug|Mixed Platforms.ActiveCfg = Debug|Any CPU
		{EDA74DC8-B11B-4C7C-B604-0763B210E7D4}.Debug|Mixed Platforms.Build.0 = Debug|Any CPU
		{EDA74DC8-B11B-4C7C-B604-0763B210E7D4}.Debug|x64.ActiveCfg = Debug|Any CPU
		{EDA74DC8-B11B-4C7C-B604-0763B210E7D4}.Debug|x64.Build.0 = Debug|Any CPU
		{EDA74DC8-B11B-4C7C-B604-0763B210E7D4}.Debug|x86.ActiveCfg = Debug|Any CPU
		{EDA74DC8-B11B-4C7C-B604-0763B210E7D4}.Debug|x86.Build.0 = Debug|Any CPU
		{EDA74DC8-B11B-4C7C-B604-0763B210E7D4}.Release|Any CPU.ActiveCfg = Release|Any CPU
		{EDA74DC8-B11B-4C7C-B604-0763B210E7D4}.Release|Any CPU.Build.0 = Release|Any CPU
		{EDA74DC8-B11B-4C7C-B604-0763B210E7D4}.Release|Mixed Platforms.ActiveCfg = Release|Any CPU
		{EDA74DC8-B11B-4C7C-B604-0763B210E7D4}.Release|Mixed Platforms.Build.0 = Release|Any CPU
		{EDA74DC8-B11B-4C7C-B604-0763B210E7D4}.Release|x64.ActiveCfg = Release|Any CPU
		{EDA74DC8-B11B-4C7C-B604-0763B210E7D4}.Release|x64.Build.0 = Release|Any CPU
		{EDA74DC8-B11B-4C7C-B604-0763B210E7D4}.Release|x86.ActiveCfg = Release|Any CPU
		{EDA74DC8-B11B-4C7C-B604-0763B210E7D4}.Release|x86.Build.0 = Release|Any CPU
		{B98EB8E3-7A4E-4AF0-BA61-90BF5DE13B60}.Debug|Any CPU.ActiveCfg = Debug|Any CPU
		{B98EB8E3-7A4E-4AF0-BA61-90BF5DE13B60}.Debug|Any CPU.Build.0 = Debug|Any CPU
		{B98EB8E3-7A4E-4AF0-BA61-90BF5DE13B60}.Debug|Mixed Platforms.ActiveCfg = Debug|Any CPU
		{B98EB8E3-7A4E-4AF0-BA61-90BF5DE13B60}.Debug|Mixed Platforms.Build.0 = Debug|Any CPU
		{B98EB8E3-7A4E-4AF0-BA61-90BF5DE13B60}.Debug|x64.ActiveCfg = Debug|Any CPU
		{B98EB8E3-7A4E-4AF0-BA61-90BF5DE13B60}.Debug|x64.Build.0 = Debug|Any CPU
		{B98EB8E3-7A4E-4AF0-BA61-90BF5DE13B60}.Debug|x86.ActiveCfg = Debug|Any CPU
		{B98EB8E3-7A4E-4AF0-BA61-90BF5DE13B60}.Debug|x86.Build.0 = Debug|Any CPU
		{B98EB8E3-7A4E-4AF0-BA61-90BF5DE13B60}.Release|Any CPU.ActiveCfg = Release|Any CPU
		{B98EB8E3-7A4E-4AF0-BA61-90BF5DE13B60}.Release|Any CPU.Build.0 = Release|Any CPU
		{B98EB8E3-7A4E-4AF0-BA61-90BF5DE13B60}.Release|Mixed Platforms.ActiveCfg = Release|Any CPU
		{B98EB8E3-7A4E-4AF0-BA61-90BF5DE13B60}.Release|Mixed Platforms.Build.0 = Release|Any CPU
		{B98EB8E3-7A4E-4AF0-BA61-90BF5DE13B60}.Release|x64.ActiveCfg = Release|Any CPU
		{B98EB8E3-7A4E-4AF0-BA61-90BF5DE13B60}.Release|x64.Build.0 = Release|Any CPU
		{B98EB8E3-7A4E-4AF0-BA61-90BF5DE13B60}.Release|x86.ActiveCfg = Release|Any CPU
		{B98EB8E3-7A4E-4AF0-BA61-90BF5DE13B60}.Release|x86.Build.0 = Release|Any CPU
	EndGlobalSection
	GlobalSection(SolutionProperties) = preSolution
		HideSolutionNode = FALSE
	EndGlobalSection
	GlobalSection(NestedProjects) = preSolution
		{1CFD1D28-D342-413D-A6E1-7616CB9708E2} = {A4871B0F-BA0C-42A3-BDA5-216686D38945}
		{82D7B299-2366-480A-B8FD-3F3B04AD3AFA} = {7C30E289-3418-4984-8FD9-7D4582DF6297}
		{C6D3447F-6AED-4DA5-B28C-7C0356F2F4A8} = {6D38A4CC-F1A2-487B-B28D-DFAD0DDB689A}
		{E6926288-913C-43E2-92B5-3E05A058312F} = {A4871B0F-BA0C-42A3-BDA5-216686D38945}
		{A265A65A-C2A9-4F9E-B272-BED5ED04DF98} = {86F63A53-5177-40B0-AB36-02ABDA6AF237}
		{25D6B9AF-55A6-4E7F-A061-52A492CCDB6E} = {03D061F1-352B-4578-A0EB-D6BA23AF16EC}
		{F608FEA2-EC58-4DF7-81D6-960F6E1DAED2} = {03D061F1-352B-4578-A0EB-D6BA23AF16EC}
		{EDA74DC8-B11B-4C7C-B604-0763B210E7D4} = {C76742F4-EEE4-4568-8066-A1BC23D22A76}
		{B98EB8E3-7A4E-4AF0-BA61-90BF5DE13B60} = {B205C5EA-364B-46AB-AFBA-8BAE29AEEB93}
	EndGlobalSection
	GlobalSection(ExtensibilityGlobals) = postSolution
		SolutionGuid = {3C681723-D77E-4D22-B447-3D28ED3741FC}
	EndGlobalSection
EndGlobal
